
Microsoft Visual Studio Solution File, Format Version 12.00
# Visual Studio Version 17
VisualStudioVersion = 17.10.34804.81
MinimumVisualStudioVersion = 10.0.40219.1
Project("{FAE04EC0-301F-11D3-BF4B-00C04F79EFBC}") = "Test-Exercise", "Test-Exercise\Test-Exercise.csproj", "{9ADCBABF-EFF9-4E9C-891C-BFF480D326D9}"
EndProject
Global
	GlobalSection(SolutionConfigurationPlatforms) = preSolution
		Debug|Any CPU = Debug|Any CPU
		Release|Any CPU = Release|Any CPU
	EndGlobalSection
	GlobalSection(ProjectConfigurationPlatforms) = postSolution
		{9ADCBABF-EFF9-4E9C-891C-BFF480D326D9}.Debug|Any CPU.ActiveCfg = Debug|Any CPU
		{9ADCBABF-EFF9-4E9C-891C-BFF480D326D9}.Debug|Any CPU.Build.0 = Debug|Any CPU
		{9ADCBABF-EFF9-4E9C-891C-BFF480D326D9}.Release|Any CPU.ActiveCfg = Release|Any CPU
		{9ADCBABF-EFF9-4E9C-891C-BFF480D326D9}.Release|Any CPU.Build.0 = Release|Any CPU
	EndGlobalSection
	GlobalSection(SolutionProperties) = preSolution
		HideSolutionNode = FALSE
	EndGlobalSection
	GlobalSection(ExtensibilityGlobals) = postSolution
		SolutionGuid = {461DEFBC-D62C-461F-908B-D8412C91A84D}
	EndGlobalSection
EndGlobal
